
Microsoft Visual Studio Solution File, Format Version 12.00
# Visual Studio Version 17
VisualStudioVersion = 17.0.32112.339
MinimumVisualStudioVersion = 10.0.40219.1
Project("{FAE04EC0-301F-11D3-BF4B-00C04F79EFBC}") = "io_hesap_makinesi", "io_hesap_makinesi\io_hesap_makinesi.csproj", "{4EBEBBBA-6B4D-4C6E-B03B-D64AB5E41885}"
EndProject
Global
	GlobalSection(SolutionConfigurationPlatforms) = preSolution
		Debug|Any CPU = Debug|Any CPU
		Release|Any CPU = Release|Any CPU
	EndGlobalSection
	GlobalSection(ProjectConfigurationPlatforms) = postSolution
		{4EBEBBBA-6B4D-4C6E-B03B-D64AB5E41885}.Debug|Any CPU.ActiveCfg = Debug|Any CPU
		{4EBEBBBA-6B4D-4C6E-B03B-D64AB5E41885}.Debug|Any CPU.Build.0 = Debug|Any CPU
		{4EBEBBBA-6B4D-4C6E-B03B-D64AB5E41885}.Release|Any CPU.ActiveCfg = Release|Any CPU
		{4EBEBBBA-6B4D-4C6E-B03B-D64AB5E41885}.Release|Any CPU.Build.0 = Release|Any CPU
	EndGlobalSection
	GlobalSection(SolutionProperties) = preSolution
		HideSolutionNode = FALSE
	EndGlobalSection
	GlobalSection(ExtensibilityGlobals) = postSolution
		SolutionGuid = {D5554144-AA02-4E26-A897-30AD3FF82E5C}
	EndGlobalSection
EndGlobal
